{
    "_readme": [
        "This file locks the dependencies of your project to a known state",
        "Read more about it at https://getcomposer.org/doc/01-basic-usage.md#composer-lock-the-lock-file",
        "This file is @generated automatically"
    ],
    "hash": "c428463e790ff609596e1fb9040c5859",
    "content-hash": "f2abae06135cb3329e92cf07ea859b0b",
    "packages": [
        {
            "name": "piwik/piwik-php-tracker",
            "version": "1.0.1",
            "source": {
                "type": "git",
                "url": "https://github.com/piwik/piwik-php-tracker.git",
                "reference": "ac3e26bb3e2c8a428ccbf6ca663c2ef37fa47a5e"
            },
            "dist": {
                "type": "zip",
                "url": "https://api.github.com/repos/piwik/piwik-php-tracker/zipball/ac3e26bb3e2c8a428ccbf6ca663c2ef37fa47a5e",
                "reference": "ac3e26bb3e2c8a428ccbf6ca663c2ef37fa47a5e",
                "shasum": ""
            },
            "type": "library",
            "autoload": {
                "classmap": [
                    "."
                ]
            },
            "notification-url": "https://packagist.org/downloads/",
            "license": [
                "BSD-2-Clause"
            ],
            "authors": [
                {
                    "name": "The Piwik Team",
                    "email": "hello@piwik.org",
                    "homepage": "http://piwik.org/the-piwik-team/"
                }
            ],
            "description": "PHP Client for Piwik Analytics Tracking API",
            "homepage": "http://piwik.org",
            "keywords": [
                "analytics",
                "piwik",
                "tracker"
            ],
            "time": "2015-11-11 02:55:37"
        }
    ],
    "packages-dev": [],
    "aliases": [],
    "minimum-stability": "stable",
    "stability-flags": [],
    "prefer-stable": false,
    "prefer-lowest": false,
    "platform": [],
    "platform-dev": []
}
